
Microsoft Visual Studio Solution File, Format Version 12.00
# Visual Studio Version 16
Project("{FAE04EC0-301F-11D3-BF4B-00C04F79EFBC}") = "HelloMauiToolkits", "HelloMauiToolkits\HelloMauiToolkits.csproj", "{06156138-5F91-443E-864C-F4A2C77D02CD}"
EndProject
Project("{2150E333-8FDC-42A3-9474-1A3956D46DE8}") = "Solution Items", "Solution Items", "{50FE89F7-9D93-4A3D-B67A-A2DCED84CB90}"
	ProjectSection(SolutionItems) = preProject
		Directory.Build.props = Directory.Build.props
		Directory.Build.targets = Directory.Build.targets
		global.json = global.json
		.editorconfig = .editorconfig
	EndProjectSection
EndProject
Global
	GlobalSection(SolutionConfigurationPlatforms) = preSolution
		Debug|Any CPU = Debug|Any CPU
		Release|Any CPU = Release|Any CPU
	EndGlobalSection
	GlobalSection(ProjectConfigurationPlatforms) = postSolution
		{06156138-5F91-443E-864C-F4A2C77D02CD}.Debug|Any CPU.ActiveCfg = Debug|Any CPU
		{06156138-5F91-443E-864C-F4A2C77D02CD}.Debug|Any CPU.Build.0 = Debug|Any CPU
		{06156138-5F91-443E-864C-F4A2C77D02CD}.Release|Any CPU.ActiveCfg = Release|Any CPU
		{06156138-5F91-443E-864C-F4A2C77D02CD}.Release|Any CPU.Build.0 = Release|Any CPU
	EndGlobalSection
EndGlobal
